// !$*UTF8*$!
{
	archiveVersion = 1;
	classes = {
	};
	objectVersion = 46;
	objects = {

/* Begin PBXBuildFile section */
		87560CD41A93C0C200BA0F2A /* main.m in Sources */ = {isa = PBXBuildFile; fileRef = 87560CD31A93C0C200BA0F2A /* main.m */; };
		87560CD71A93C0C200BA0F2A /* AppDelegate.m in Sources */ = {isa = PBXBuildFile; fileRef = 87560CD61A93C0C200BA0F2A /* AppDelegate.m */; };
		87560CDA1A93C0C200BA0F2A /* ViewController.m in Sources */ = {isa = PBXBuildFile; fileRef = 87560CD91A93C0C200BA0F2A /* ViewController.m */; };
		87560CDD1A93C0C200BA0F2A /* Main.storyboard in Resources */ = {isa = PBXBuildFile; fileRef = 87560CDB1A93C0C200BA0F2A /* Main.storyboard */; };
		87560CDF1A93C0C200BA0F2A /* Images.xcassets in Resources */ = {isa = PBXBuildFile; fileRef = 87560CDE1A93C0C200BA0F2A /* Images.xcassets */; };
		87560CE21A93C0C200BA0F2A /* LaunchScreen.xib in Resources */ = {isa = PBXBuildFile; fileRef = 87560CE01A93C0C200BA0F2A /* LaunchScreen.xib */; };
		87560CEE1A93C0C200BA0F2A /* SolutionTests.m in Sources */ = {isa = PBXBuildFile; fileRef = 87560CED1A93C0C200BA0F2A /* SolutionTests.m */; };
		87560CF91A93C0D300BA0F2A /* ZDButton.m in Sources */ = {isa = PBXBuildFile; fileRef = 87560CF81A93C0D300BA0F2A /* ZDButton.m */; };
/* End PBXBuildFile section */

/* Begin PBXContainerItemProxy section */
		87560CE81A93C0C200BA0F2A /* PBXContainerItemProxy */ = {
			isa = PBXContainerItemProxy;
			containerPortal = 87560CC61A93C0C200BA0F2A /* Project object */;
			proxyType = 1;
			remoteGlobalIDString = 87560CCD1A93C0C200BA0F2A;
			remoteInfo = Solution;
		};
/* End PBXContainerItemProxy section */

/* Begin PBXFileReference section */
		87560CCE1A93C0C200BA0F2A /* Solution.app */ = {isa = PBXFileReference; explicitFileType = wrapper.application; includeInIndex = 0; path = Solution.app; sourceTree = BUILT_PRODUCTS_DIR; };
		87560CD21A93C0C200BA0F2A /* Info.plist */ = {isa = PBXFileReference; lastKnownFileType = text.plist.xml; path = Info.plist; sourceTree = "<group>"; };
		87560CD31A93C0C200BA0F2A /* main.m */ = {isa = PBXFileReference; lastKnownFileType = sourcecode.c.objc; path = main.m; sourceTree = "<group>"; };
		87560CD51A93C0C200BA0F2A /* AppDelegate.h */ = {isa = PBXFileReference; lastKnownFileType = sourcecode.c.h; path = AppDelegate.h; sourceTree = "<group>"; };
		87560CD61A93C0C200BA0F2A /* AppDelegate.m */ = {isa = PBXFileReference; lastKnownFileType = sourcecode.c.objc; path = AppDelegate.m; sourceTree = "<group>"; };
		87560CD81A93C0C200BA0F2A /* ViewController.h */ = {isa = PBXFileReference; lastKnownFileType = sourcecode.c.h; path = ViewController.h; sourceTree = "<group>"; };
		87560CD91A93C0C200BA0F2A /* ViewController.m */ = {isa = PBXFileReference; lastKnownFileType = sourcecode.c.objc; path = ViewController.m; sourceTree = "<group>"; };
		87560CDC1A93C0C200BA0F2A /* Base */ = {isa = PBXFileReference; lastKnownFileType = file.storyboard; name = Base; path = Base.lproj/Main.storyboard; sourceTree = "<group>"; };
		87560CDE1A93C0C200BA0F2A /* Images.xcassets */ = {isa = PBXFileReference; lastKnownFileType = folder.assetcatalog; path = Images.xcassets; sourceTree = "<group>"; };
		87560CE11A93C0C200BA0F2A /* Base */ = {isa = PBXFileReference; lastKnownFileType = file.xib; name = Base; path = Base.lproj/LaunchScreen.xib; sourceTree = "<group>"; };
		87560CE71A93C0C200BA0F2A /* SolutionTests.xctest */ = {isa = PBXFileReference; explicitFileType = wrapper.cfbundle; includeInIndex = 0; path = SolutionTests.xctest; sourceTree = BUILT_PRODUCTS_DIR; };
		87560CEC1A93C0C200BA0F2A /* Info.plist */ = {isa = PBXFileReference; lastKnownFileType = text.plist.xml; path = Info.plist; sourceTree = "<group>"; };
		87560CED1A93C0C200BA0F2A /* SolutionTests.m */ = {isa = PBXFileReference; lastKnownFileType = sourcecode.c.objc; path = SolutionTests.m; sourceTree = "<group>"; };
		87560CF71A93C0D300BA0F2A /* ZDButton.h */ = {isa = PBXFileReference; fileEncoding = 4; lastKnownFileType = sourcecode.c.h; path = ZDButton.h; sourceTree = "<group>"; };
		87560CF81A93C0D300BA0F2A /* ZDButton.m */ = {isa = PBXFileReference; fileEncoding = 4; lastKnownFileType = sourcecode.c.objc; path = ZDButton.m; sourceTree = "<group>"; };
/* End PBXFileReference section */

/* Begin PBXFrameworksBuildPhase section */
		87560CCB1A93C0C200BA0F2A /* Frameworks */ = {
			isa = PBXFrameworksBuildPhase;
			buildActionMask = 2147483647;
			files = (
			);
			runOnlyForDeploymentPostprocessing = 0;
		};
		87560CE41A93C0C200BA0F2A /* Frameworks */ = {
			isa = PBXFrameworksBuildPhase;
			buildActionMask = 2147483647;
			files = (
			);
			runOnlyForDeploymentPostprocessing = 0;
		};
/* End PBXFrameworksBuildPhase section */

/* Begin PBXGroup section */
		87560CC51A93C0C200BA0F2A = {
			isa = PBXGroup;
			children = (
				87560CD01A93C0C200BA0F2A /* Solution */,
				87560CEA1A93C0C200BA0F2A /* SolutionTests */,
				87560CCF1A93C0C200BA0F2A /* Products */,
			);
			sourceTree = "<group>";
		};
		87560CCF1A93C0C200BA0F2A /* Products */ = {
			isa = PBXGroup;
			children = (
				87560CCE1A93C0C200BA0F2A /* Solution.app */,
				87560CE71A93C0C200BA0F2A /* SolutionTests.xctest */,
			);
			name = Products;
			sourceTree = "<group>";
		};
		87560CD01A93C0C200BA0F2A /* Solution */ = {
			isa = PBXGroup;
			children = (
				87560CD51A93C0C200BA0F2A /* AppDelegate.h */,
				87560CD61A93C0C200BA0F2A /* AppDelegate.m */,
				87560CD81A93C0C200BA0F2A /* ViewController.h */,
				87560CD91A93C0C200BA0F2A /* ViewController.m */,
				87560CF71A93C0D300BA0F2A /* ZDButton.h */,
				87560CF81A93C0D300BA0F2A /* ZDButton.m */,
				87560CDB1A93C0C200BA0F2A /* Main.storyboard */,
				87560CDE1A93C0C200BA0F2A /* Images.xcassets */,
				87560CE01A93C0C200BA0F2A /* LaunchScreen.xib */,
				87560CD11A93C0C200BA0F2A /* Supporting Files */,
			);
			path = Solution;
			sourceTree = "<group>";
		};
		87560CD11A93C0C200BA0F2A /* Supporting Files */ = {
			isa = PBXGroup;
			children = (
				87560CD21A93C0C200BA0F2A /* Info.plist */,
				87560CD31A93C0C200BA0F2A /* main.m */,
			);
			name = "Supporting Files";
			sourceTree = "<group>";
		};
		87560CEA1A93C0C200BA0F2A /* SolutionTests */ = {
			isa = PBXGroup;
			children = (
				87560CED1A93C0C200BA0F2A /* SolutionTests.m */,
				87560CEB1A93C0C200BA0F2A /* Supporting Files */,
			);
			path = SolutionTests;
			sourceTree = "<group>";
		};
		87560CEB1A93C0C200BA0F2A /* Supporting Files */ = {
			isa = PBXGroup;
			children = (
				87560CEC1A93C0C200BA0F2A /* Info.plist */,
			);
			name = "Supporting Files";
			sourceTree = "<group>";
		};
/* End PBXGroup section */

/* Begin PBXNativeTarget section */
		87560CCD1A93C0C200BA0F2A /* Solution */ = {
			isa = PBXNativeTarget;
			buildConfigurationList = 87560CF11A93C0C200BA0F2A /* Build configuration list for PBXNativeTarget "Solution" */;
			buildPhases = (
				87560CCA1A93C0C200BA0F2A /* Sources */,
				87560CCB1A93C0C200BA0F2A /* Frameworks */,
				87560CCC1A93C0C200BA0F2A /* Resources */,
			);
			buildRules = (
			);
			dependencies = (
			);
			name = Solution;
			productName = Solution;
			productReference = 87560CCE1A93C0C200BA0F2A /* Solution.app */;
			productType = "com.apple.product-type.application";
		};
		87560CE61A93C0C200BA0F2A /* SolutionTests */ = {
			isa = PBXNativeTarget;
			buildConfigurationList = 87560CF41A93C0C200BA0F2A /* Build configuration list for PBXNativeTarget "SolutionTests" */;
			buildPhases = (
				87560CE31A93C0C200BA0F2A /* Sources */,
				87560CE41A93C0C200BA0F2A /* Frameworks */,
				87560CE51A93C0C200BA0F2A /* Resources */,
			);
			buildRules = (
			);
			dependencies = (
				87560CE91A93C0C200BA0F2A /* PBXTargetDependency */,
			);
			name = SolutionTests;
			productName = SolutionTests;
			productReference = 87560CE71A93C0C200BA0F2A /* SolutionTests.xctest */;
			productType = "com.apple.product-type.bundle.unit-test";
		};
/* End PBXNativeTarget section */

/* Begin PBXProject section */
		87560CC61A93C0C200BA0F2A /* Project object */ = {
			isa = PBXProject;
			attributes = {
				LastUpgradeCheck = 0610;
				ORGANIZATIONNAME = ZD;
				TargetAttributes = {
					87560CCD1A93C0C200BA0F2A = {
						CreatedOnToolsVersion = 6.1.1;
					};
					87560CE61A93C0C200BA0F2A = {
						CreatedOnToolsVersion = 6.1.1;
						TestTargetID = 87560CCD1A93C0C200BA0F2A;
					};
				};
			};
			buildConfigurationList = 87560CC91A93C0C200BA0F2A /* Build configuration list for PBXProject "Solution" */;
			compatibilityVersion = "Xcode 3.2";
			developmentRegion = English;
			hasScannedForEncodings = 0;
			knownRegions = (
				en,
				Base,
			);
			mainGroup = 87560CC51A93C0C200BA0F2A;
			productRefGroup = 87560CCF1A93C0C200BA0F2A /* Products */;
			projectDirPath = "";
			projectRoot = "";
			targets = (
				87560CCD1A93C0C200BA0F2A /* Solution */,
				87560CE61A93C0C200BA0F2A /* SolutionTests */,
			);
		};
/* End PBXProject section */

/* Begin PBXResourcesBuildPhase section */
		87560CCC1A93C0C200BA0F2A /* Resources */ = {
			isa = PBXResourcesBuildPhase;
			buildActionMask = 2147483647;
			files = (
				87560CDD1A93C0C200BA0F2A /* Main.storyboard in Resources */,
				87560CE21A93C0C200BA0F2A /* LaunchScreen.xib in Resources */,
				87560CDF1A93C0C200BA0F2A /* Images.xcassets in Resources */,
			);
			runOnlyForDeploymentPostprocessing = 0;
		};
		87560CE51A93C0C200BA0F2A /* Resources */ = {
			isa = PBXResourcesBuildPhase;
			buildActionMask = 2147483647;
			files = (
			);
			runOnlyForDeploymentPostprocessing = 0;
		};
/* End PBXResourcesBuildPhase section */

/* Begin PBXSourcesBuildPhase section */
		87560CCA1A93C0C200BA0F2A /* Sources */ = {
			isa = PBXSourcesBuildPhase;
			buildActionMask = 2147483647;
			files = (
				87560CDA1A93C0C200BA0F2A /* ViewController.m in Sources */,
				87560CD71A93C0C200BA0F2A /* AppDelegate.m in Sources */,
				87560CD41A93C0C200BA0F2A /* main.m in Sources */,
				87560CF91A93C0D300BA0F2A /* ZDButton.m in Sources */,
			);
			runOnlyForDeploymentPostprocessing = 0;
		};
		87560CE31A93C0C200BA0F2A /* Sources */ = {
			isa = PBXSourcesBuildPhase;
			buildActionMask = 2147483647;
			files = (
				87560CEE1A93C0C200BA0F2A /* SolutionTests.m in Sources */,
			);
			runOnlyForDeploymentPostprocessing = 0;
		};
/* End PBXSourcesBuildPhase section */

/* Begin PBXTargetDependency section */
		87560CE91A93C0C200BA0F2A /* PBXTargetDependency */ = {
			isa = PBXTargetDependency;
			target = 87560CCD1A93C0C200BA0F2A /* Solution */;
			targetProxy = 87560CE81A93C0C200BA0F2A /* PBXContainerItemProxy */;
		};
/* End PBXTargetDependency section */

/* Begin PBXVariantGroup section */
		87560CDB1A93C0C200BA0F2A /* Main.storyboard */ = {
			isa = PBXVariantGroup;
			children = (
				87560CDC1A93C0C200BA0F2A /* Base */,
			);
			name = Main.storyboard;
			sourceTree = "<group>";
		};
		87560CE01A93C0C200BA0F2A /* LaunchScreen.xib */ = {
			isa = PBXVariantGroup;
			children = (
				87560CE11A93C0C200BA0F2A /* Base */,
			);
			name = LaunchScreen.xib;
			sourceTree = "<group>";
		};
/* End PBXVariantGroup section */

/* Begin XCBuildConfiguration section */
		87560CEF1A93C0C200BA0F2A /* Debug */ = {
			isa = XCBuildConfiguration;
			buildSettings = {
				ALWAYS_SEARCH_USER_PATHS = NO;
				CLANG_CXX_LANGUAGE_STANDARD = "gnu++0x";
				CLANG_CXX_LIBRARY = "libc++";
				CLANG_ENABLE_MODULES = YES;
				CLANG_ENABLE_OBJC_ARC = YES;
				CLANG_WARN_BOOL_CONVERSION = YES;
				CLANG_WARN_CONSTANT_CONVERSION = YES;
				CLANG_WARN_DIRECT_OBJC_ISA_USAGE = YES_ERROR;
				CLANG_WARN_EMPTY_BODY = YES;
				CLANG_WARN_ENUM_CONVERSION = YES;
				CLANG_WARN_INT_CONVERSION = YES;
				CLANG_WARN_OBJC_ROOT_CLASS = YES_ERROR;
				CLANG_WARN_UNREACHABLE_CODE = YES;
				CLANG_WARN__DUPLICATE_METHOD_MATCH = YES;
				"CODE_SIGN_IDENTITY[sdk=iphoneos*]" = "iPhone Developer";
				COPY_PHASE_STRIP = NO;
				ENABLE_STRICT_OBJC_MSGSEND = YES;
				GCC_C_LANGUAGE_STANDARD = gnu99;
				GCC_DYNAMIC_NO_PIC = NO;
				GCC_OPTIMIZATION_LEVEL = 0;
				GCC_PREPROCESSOR_DEFINITIONS = (
					"DEBUG=1",
					"$(inherited)",
				);
				GCC_SYMBOLS_PRIVATE_EXTERN = NO;
				GCC_WARN_64_TO_32_BIT_CONVERSION = YES;
				GCC_WARN_ABOUT_RETURN_TYPE = YES_ERROR;
				GCC_WARN_UNDECLARED_SELECTOR = YES;
				GCC_WARN_UNINITIALIZED_AUTOS = YES_AGGRESSIVE;
				GCC_WARN_UNUSED_FUNCTION = YES;
				GCC_WARN_UNUSED_VARIABLE = YES;
				IPHONEOS_DEPLOYMENT_TARGET = 8.1;
				MTL_ENABLE_DEBUG_INFO = YES;
				ONLY_ACTIVE_ARCH = YES;
				SDKROOT = iphoneos;
			};
			name = Debug;
		};
		87560CF01A93C0C200BA0F2A /* Release */ = {
			isa = XCBuildConfiguration;
			buildSettings = {
				ALWAYS_SEARCH_USER_PATHS = NO;
				CLANG_CXX_LANGUAGE_STANDARD = "gnu++0x";
				CLANG_CXX_LIBRARY = "libc++";
				CLANG_ENABLE_MODULES = YES;
				CLANG_ENABLE_OBJC_ARC = YES;
				CLANG_WARN_BOOL_CONVERSION = YES;
				CLANG_WARN_CONSTANT_CONVERSION = YES;
				CLANG_WARN_DIRECT_OBJC_ISA_USAGE = YES_ERROR;
				CLANG_WARN_EMPTY_BODY = YES;
				CLANG_WARN_ENUM_CONVERSION = YES;
				CLANG_WARN_INT_CONVERSION = YES;
				CLANG_WARN_OBJC_ROOT_CLASS = YES_ERROR;
				CLANG_WARN_UNREACHABLE_CODE = YES;
				CLANG_WARN__DUPLICATE_METHOD_MATCH = YES;
				"CODE_SIGN_IDENTITY[sdk=iphoneos*]" = "iPhone Developer";
				COPY_PHASE_STRIP = YES;
				ENABLE_NS_ASSERTIONS = NO;
				ENABLE_STRICT_OBJC_MSGSEND = YES;
				GCC_C_LANGUAGE_STANDARD = gnu99;
				GCC_WARN_64_TO_32_BIT_CONVERSION = YES;
				GCC_WARN_ABOUT_RETURN_TYPE = YES_ERROR;
				GCC_WARN_UNDECLARED_SELECTOR = YES;
				GCC_WARN_UNINITIALIZED_AUTOS = YES_AGGRESSIVE;
				GCC_WARN_UNUSED_FUNCTION = YES;
				GCC_WARN_UNUSED_VARIABLE = YES;
				IPHONEOS_DEPLOYMENT_TARGET = 8.1;
				MTL_ENABLE_DEBUG_INFO = NO;
				SDKROOT = iphoneos;
				VALIDATE_PRODUCT = YES;
			};
			name = Release;
		};
		87560CF21A93C0C200BA0F2A /* Debug */ = {
			isa = XCBuildConfiguration;
			buildSettings = {
				ASSETCATALOG_COMPILER_APPICON_NAME = AppIcon;
				INFOPLIST_FILE = Solution/Info.plist;
				LD_RUNPATH_SEARCH_PATHS = "$(inherited) @executable_path/Frameworks";
				PRODUCT_NAME = "$(TARGET_NAME)";
			};
			name = Debug;
		};
		87560CF31A93C0C200BA0F2A /* Release */ = {
			isa = XCBuildConfiguration;
			buildSettings = {
				ASSETCATALOG_COMPILER_APPICON_NAME = AppIcon;
				INFOPLIST_FILE = Solution/Info.plist;
				LD_RUNPATH_SEARCH_PATHS = "$(inherited) @executable_path/Frameworks";
				PRODUCT_NAME = "$(TARGET_NAME)";
			};
			name = Release;
		};
		87560CF51A93C0C200BA0F2A /* Debug */ = {
			isa = XCBuildConfiguration;
			buildSettings = {
				BUNDLE_LOADER = "$(TEST_HOST)";
				FRAMEWORK_SEARCH_PATHS = (
					"$(SDKROOT)/Developer/Library/Frameworks",
					"$(inherited)",
				);
				GCC_PREPROCESSOR_DEFINITIONS = (
					"DEBUG=1",
					"$(inherited)",
				);
				INFOPLIST_FILE = SolutionTests/Info.plist;
				LD_RUNPATH_SEARCH_PATHS = "$(inherited) @executable_path/Frameworks @loader_path/Frameworks";
				PRODUCT_NAME = "$(TARGET_NAME)";
				TEST_HOST = "$(BUILT_PRODUCTS_DIR)/Solution.app/Solution";
			};
			name = Debug;
		};
		87560CF61A93C0C200BA0F2A /* Release */ = {
			isa = XCBuildConfiguration;
			buildSettings = {
				BUNDLE_LOADER = "$(TEST_HOST)";
				FRAMEWORK_SEARCH_PATHS = (
					"$(SDKROOT)/Developer/Library/Frameworks",
					"$(inherited)",
				);
				INFOPLIST_FILE = SolutionTests/Info.plist;
				LD_RUNPATH_SEARCH_PATHS = "$(inherited) @executable_path/Frameworks @loader_path/Frameworks";
				PRODUCT_NAME = "$(TARGET_NAME)";
				TEST_HOST = "$(BUILT_PRODUCTS_DIR)/Solution.app/Solution";
			};
			name = Release;
		};
/* End XCBuildConfiguration section */

/* Begin XCConfigurationList section */
		87560CC91A93C0C200BA0F2A /* Build configuration list for PBXProject "Solution" */ = {
			isa = XCConfigurationList;
			buildConfigurations = (
				87560CEF1A93C0C200BA0F2A /* Debug */,
				87560CF01A93C0C200BA0F2A /* Release */,
			);
			defaultConfigurationIsVisible = 0;
			defaultConfigurationName = Release;
		};
		87560CF11A93C0C200BA0F2A /* Build configuration list for PBXNativeTarget "Solution" */ = {
			isa = XCConfigurationList;
			buildConfigurations = (
				87560CF21A93C0C200BA0F2A /* Debug */,
				87560CF31A93C0C200BA0F2A /* Release */,
			);
			defaultConfigurationIsVisible = 0;
		};
		87560CF41A93C0C200BA0F2A /* Build configuration list for PBXNativeTarget "SolutionTests" */ = {
			isa = XCConfigurationList;
			buildConfigurations = (
				87560CF51A93C0C200BA0F2A /* Debug */,
				87560CF61A93C0C200BA0F2A /* Release */,
			);
			defaultConfigurationIsVisible = 0;
		};
/* End XCConfigurationList section */
	};
	rootObject = 87560CC61A93C0C200BA0F2A /* Project object */;
}
