// !$*UTF8*$!
{
	archiveVersion = 1;
	classes = {
	};
	objectVersion = 46;
	objects = {

/* Begin PBXBuildFile section */
		879BBD491AAF6EFB00BA6B18 /* main.m in Sources */ = {isa = PBXBuildFile; fileRef = 879BBD481AAF6EFB00BA6B18 /* main.m */; };
		879BBD4C1AAF6EFB00BA6B18 /* AppDelegate.m in Sources */ = {isa = PBXBuildFile; fileRef = 879BBD4B1AAF6EFB00BA6B18 /* AppDelegate.m */; };
		879BBD4F1AAF6EFB00BA6B18 /* ViewController.m in Sources */ = {isa = PBXBuildFile; fileRef = 879BBD4E1AAF6EFB00BA6B18 /* ViewController.m */; };
		879BBD521AAF6EFB00BA6B18 /* Main.storyboard in Resources */ = {isa = PBXBuildFile; fileRef = 879BBD501AAF6EFB00BA6B18 /* Main.storyboard */; };
		879BBD541AAF6EFB00BA6B18 /* Images.xcassets in Resources */ = {isa = PBXBuildFile; fileRef = 879BBD531AAF6EFB00BA6B18 /* Images.xcassets */; };
		879BBD571AAF6EFB00BA6B18 /* LaunchScreen.xib in Resources */ = {isa = PBXBuildFile; fileRef = 879BBD551AAF6EFB00BA6B18 /* LaunchScreen.xib */; };
		879BBD631AAF6EFB00BA6B18 /* DatasourcesTests.m in Sources */ = {isa = PBXBuildFile; fileRef = 879BBD621AAF6EFB00BA6B18 /* DatasourcesTests.m */; };
		879BBD6E1AAF7CE800BA6B18 /* DefaultsViewModel.m in Sources */ = {isa = PBXBuildFile; fileRef = 879BBD6D1AAF7CE800BA6B18 /* DefaultsViewModel.m */; };
		879BBD711AAF7CF100BA6B18 /* FileViewModel.m in Sources */ = {isa = PBXBuildFile; fileRef = 879BBD701AAF7CF100BA6B18 /* FileViewModel.m */; };
/* End PBXBuildFile section */

/* Begin PBXContainerItemProxy section */
		879BBD5D1AAF6EFB00BA6B18 /* PBXContainerItemProxy */ = {
			isa = PBXContainerItemProxy;
			containerPortal = 879BBD3B1AAF6EFB00BA6B18 /* Project object */;
			proxyType = 1;
			remoteGlobalIDString = 879BBD421AAF6EFB00BA6B18;
			remoteInfo = Datasources;
		};
/* End PBXContainerItemProxy section */

/* Begin PBXFileReference section */
		879BBD431AAF6EFB00BA6B18 /* Datasources.app */ = {isa = PBXFileReference; explicitFileType = wrapper.application; includeInIndex = 0; path = Datasources.app; sourceTree = BUILT_PRODUCTS_DIR; };
		879BBD471AAF6EFB00BA6B18 /* Info.plist */ = {isa = PBXFileReference; lastKnownFileType = text.plist.xml; path = Info.plist; sourceTree = "<group>"; };
		879BBD481AAF6EFB00BA6B18 /* main.m */ = {isa = PBXFileReference; lastKnownFileType = sourcecode.c.objc; path = main.m; sourceTree = "<group>"; };
		879BBD4A1AAF6EFB00BA6B18 /* AppDelegate.h */ = {isa = PBXFileReference; lastKnownFileType = sourcecode.c.h; path = AppDelegate.h; sourceTree = "<group>"; };
		879BBD4B1AAF6EFB00BA6B18 /* AppDelegate.m */ = {isa = PBXFileReference; lastKnownFileType = sourcecode.c.objc; path = AppDelegate.m; sourceTree = "<group>"; };
		879BBD4D1AAF6EFB00BA6B18 /* ViewController.h */ = {isa = PBXFileReference; lastKnownFileType = sourcecode.c.h; path = ViewController.h; sourceTree = "<group>"; };
		879BBD4E1AAF6EFB00BA6B18 /* ViewController.m */ = {isa = PBXFileReference; lastKnownFileType = sourcecode.c.objc; path = ViewController.m; sourceTree = "<group>"; };
		879BBD511AAF6EFB00BA6B18 /* Base */ = {isa = PBXFileReference; lastKnownFileType = file.storyboard; name = Base; path = Base.lproj/Main.storyboard; sourceTree = "<group>"; };
		879BBD531AAF6EFB00BA6B18 /* Images.xcassets */ = {isa = PBXFileReference; lastKnownFileType = folder.assetcatalog; path = Images.xcassets; sourceTree = "<group>"; };
		879BBD561AAF6EFB00BA6B18 /* Base */ = {isa = PBXFileReference; lastKnownFileType = file.xib; name = Base; path = Base.lproj/LaunchScreen.xib; sourceTree = "<group>"; };
		879BBD5C1AAF6EFB00BA6B18 /* DatasourcesTests.xctest */ = {isa = PBXFileReference; explicitFileType = wrapper.cfbundle; includeInIndex = 0; path = DatasourcesTests.xctest; sourceTree = BUILT_PRODUCTS_DIR; };
		879BBD611AAF6EFB00BA6B18 /* Info.plist */ = {isa = PBXFileReference; lastKnownFileType = text.plist.xml; path = Info.plist; sourceTree = "<group>"; };
		879BBD621AAF6EFB00BA6B18 /* DatasourcesTests.m */ = {isa = PBXFileReference; lastKnownFileType = sourcecode.c.objc; path = DatasourcesTests.m; sourceTree = "<group>"; };
		879BBD6C1AAF7CE800BA6B18 /* DefaultsViewModel.h */ = {isa = PBXFileReference; fileEncoding = 4; lastKnownFileType = sourcecode.c.h; path = DefaultsViewModel.h; sourceTree = "<group>"; };
		879BBD6D1AAF7CE800BA6B18 /* DefaultsViewModel.m */ = {isa = PBXFileReference; fileEncoding = 4; lastKnownFileType = sourcecode.c.objc; path = DefaultsViewModel.m; sourceTree = "<group>"; };
		879BBD6F1AAF7CF100BA6B18 /* FileViewModel.h */ = {isa = PBXFileReference; fileEncoding = 4; lastKnownFileType = sourcecode.c.h; path = FileViewModel.h; sourceTree = "<group>"; };
		879BBD701AAF7CF100BA6B18 /* FileViewModel.m */ = {isa = PBXFileReference; fileEncoding = 4; lastKnownFileType = sourcecode.c.objc; path = FileViewModel.m; sourceTree = "<group>"; };
		879BBD731AAF812F00BA6B18 /* DataSource.h */ = {isa = PBXFileReference; lastKnownFileType = sourcecode.c.h; path = DataSource.h; sourceTree = "<group>"; };
/* End PBXFileReference section */

/* Begin PBXFrameworksBuildPhase section */
		879BBD401AAF6EFB00BA6B18 /* Frameworks */ = {
			isa = PBXFrameworksBuildPhase;
			buildActionMask = 2147483647;
			files = (
			);
			runOnlyForDeploymentPostprocessing = 0;
		};
		879BBD591AAF6EFB00BA6B18 /* Frameworks */ = {
			isa = PBXFrameworksBuildPhase;
			buildActionMask = 2147483647;
			files = (
			);
			runOnlyForDeploymentPostprocessing = 0;
		};
/* End PBXFrameworksBuildPhase section */

/* Begin PBXGroup section */
		879BBD3A1AAF6EFB00BA6B18 = {
			isa = PBXGroup;
			children = (
				879BBD451AAF6EFB00BA6B18 /* Datasources */,
				879BBD5F1AAF6EFB00BA6B18 /* DatasourcesTests */,
				879BBD441AAF6EFB00BA6B18 /* Products */,
			);
			sourceTree = "<group>";
		};
		879BBD441AAF6EFB00BA6B18 /* Products */ = {
			isa = PBXGroup;
			children = (
				879BBD431AAF6EFB00BA6B18 /* Datasources.app */,
				879BBD5C1AAF6EFB00BA6B18 /* DatasourcesTests.xctest */,
			);
			name = Products;
			sourceTree = "<group>";
		};
		879BBD451AAF6EFB00BA6B18 /* Datasources */ = {
			isa = PBXGroup;
			children = (
				879BBD4A1AAF6EFB00BA6B18 /* AppDelegate.h */,
				879BBD4B1AAF6EFB00BA6B18 /* AppDelegate.m */,
				879BBD4D1AAF6EFB00BA6B18 /* ViewController.h */,
				879BBD4E1AAF6EFB00BA6B18 /* ViewController.m */,
				879BBD731AAF812F00BA6B18 /* DataSource.h */,
				879BBD6C1AAF7CE800BA6B18 /* DefaultsViewModel.h */,
				879BBD6D1AAF7CE800BA6B18 /* DefaultsViewModel.m */,
				879BBD6F1AAF7CF100BA6B18 /* FileViewModel.h */,
				879BBD701AAF7CF100BA6B18 /* FileViewModel.m */,
				879BBD501AAF6EFB00BA6B18 /* Main.storyboard */,
				879BBD531AAF6EFB00BA6B18 /* Images.xcassets */,
				879BBD551AAF6EFB00BA6B18 /* LaunchScreen.xib */,
				879BBD461AAF6EFB00BA6B18 /* Supporting Files */,
			);
			path = Datasources;
			sourceTree = "<group>";
		};
		879BBD461AAF6EFB00BA6B18 /* Supporting Files */ = {
			isa = PBXGroup;
			children = (
				879BBD471AAF6EFB00BA6B18 /* Info.plist */,
				879BBD481AAF6EFB00BA6B18 /* main.m */,
			);
			name = "Supporting Files";
			sourceTree = "<group>";
		};
		879BBD5F1AAF6EFB00BA6B18 /* DatasourcesTests */ = {
			isa = PBXGroup;
			children = (
				879BBD621AAF6EFB00BA6B18 /* DatasourcesTests.m */,
				879BBD601AAF6EFB00BA6B18 /* Supporting Files */,
			);
			path = DatasourcesTests;
			sourceTree = "<group>";
		};
		879BBD601AAF6EFB00BA6B18 /* Supporting Files */ = {
			isa = PBXGroup;
			children = (
				879BBD611AAF6EFB00BA6B18 /* Info.plist */,
			);
			name = "Supporting Files";
			sourceTree = "<group>";
		};
/* End PBXGroup section */

/* Begin PBXNativeTarget section */
		879BBD421AAF6EFB00BA6B18 /* Datasources */ = {
			isa = PBXNativeTarget;
			buildConfigurationList = 879BBD661AAF6EFB00BA6B18 /* Build configuration list for PBXNativeTarget "Datasources" */;
			buildPhases = (
				879BBD3F1AAF6EFB00BA6B18 /* Sources */,
				879BBD401AAF6EFB00BA6B18 /* Frameworks */,
				879BBD411AAF6EFB00BA6B18 /* Resources */,
			);
			buildRules = (
			);
			dependencies = (
			);
			name = Datasources;
			productName = Datasources;
			productReference = 879BBD431AAF6EFB00BA6B18 /* Datasources.app */;
			productType = "com.apple.product-type.application";
		};
		879BBD5B1AAF6EFB00BA6B18 /* DatasourcesTests */ = {
			isa = PBXNativeTarget;
			buildConfigurationList = 879BBD691AAF6EFB00BA6B18 /* Build configuration list for PBXNativeTarget "DatasourcesTests" */;
			buildPhases = (
				879BBD581AAF6EFB00BA6B18 /* Sources */,
				879BBD591AAF6EFB00BA6B18 /* Frameworks */,
				879BBD5A1AAF6EFB00BA6B18 /* Resources */,
			);
			buildRules = (
			);
			dependencies = (
				879BBD5E1AAF6EFB00BA6B18 /* PBXTargetDependency */,
			);
			name = DatasourcesTests;
			productName = DatasourcesTests;
			productReference = 879BBD5C1AAF6EFB00BA6B18 /* DatasourcesTests.xctest */;
			productType = "com.apple.product-type.bundle.unit-test";
		};
/* End PBXNativeTarget section */

/* Begin PBXProject section */
		879BBD3B1AAF6EFB00BA6B18 /* Project object */ = {
			isa = PBXProject;
			attributes = {
				LastUpgradeCheck = 0610;
				ORGANIZATIONNAME = ZD;
				TargetAttributes = {
					879BBD421AAF6EFB00BA6B18 = {
						CreatedOnToolsVersion = 6.1.1;
					};
					879BBD5B1AAF6EFB00BA6B18 = {
						CreatedOnToolsVersion = 6.1.1;
						TestTargetID = 879BBD421AAF6EFB00BA6B18;
					};
				};
			};
			buildConfigurationList = 879BBD3E1AAF6EFB00BA6B18 /* Build configuration list for PBXProject "Datasources" */;
			compatibilityVersion = "Xcode 3.2";
			developmentRegion = English;
			hasScannedForEncodings = 0;
			knownRegions = (
				en,
				Base,
			);
			mainGroup = 879BBD3A1AAF6EFB00BA6B18;
			productRefGroup = 879BBD441AAF6EFB00BA6B18 /* Products */;
			projectDirPath = "";
			projectRoot = "";
			targets = (
				879BBD421AAF6EFB00BA6B18 /* Datasources */,
				879BBD5B1AAF6EFB00BA6B18 /* DatasourcesTests */,
			);
		};
/* End PBXProject section */

/* Begin PBXResourcesBuildPhase section */
		879BBD411AAF6EFB00BA6B18 /* Resources */ = {
			isa = PBXResourcesBuildPhase;
			buildActionMask = 2147483647;
			files = (
				879BBD521AAF6EFB00BA6B18 /* Main.storyboard in Resources */,
				879BBD571AAF6EFB00BA6B18 /* LaunchScreen.xib in Resources */,
				879BBD541AAF6EFB00BA6B18 /* Images.xcassets in Resources */,
			);
			runOnlyForDeploymentPostprocessing = 0;
		};
		879BBD5A1AAF6EFB00BA6B18 /* Resources */ = {
			isa = PBXResourcesBuildPhase;
			buildActionMask = 2147483647;
			files = (
			);
			runOnlyForDeploymentPostprocessing = 0;
		};
/* End PBXResourcesBuildPhase section */

/* Begin PBXSourcesBuildPhase section */
		879BBD3F1AAF6EFB00BA6B18 /* Sources */ = {
			isa = PBXSourcesBuildPhase;
			buildActionMask = 2147483647;
			files = (
				879BBD4F1AAF6EFB00BA6B18 /* ViewController.m in Sources */,
				879BBD711AAF7CF100BA6B18 /* FileViewModel.m in Sources */,
				879BBD4C1AAF6EFB00BA6B18 /* AppDelegate.m in Sources */,
				879BBD6E1AAF7CE800BA6B18 /* DefaultsViewModel.m in Sources */,
				879BBD491AAF6EFB00BA6B18 /* main.m in Sources */,
			);
			runOnlyForDeploymentPostprocessing = 0;
		};
		879BBD581AAF6EFB00BA6B18 /* Sources */ = {
			isa = PBXSourcesBuildPhase;
			buildActionMask = 2147483647;
			files = (
				879BBD631AAF6EFB00BA6B18 /* DatasourcesTests.m in Sources */,
			);
			runOnlyForDeploymentPostprocessing = 0;
		};
/* End PBXSourcesBuildPhase section */

/* Begin PBXTargetDependency section */
		879BBD5E1AAF6EFB00BA6B18 /* PBXTargetDependency */ = {
			isa = PBXTargetDependency;
			target = 879BBD421AAF6EFB00BA6B18 /* Datasources */;
			targetProxy = 879BBD5D1AAF6EFB00BA6B18 /* PBXContainerItemProxy */;
		};
/* End PBXTargetDependency section */

/* Begin PBXVariantGroup section */
		879BBD501AAF6EFB00BA6B18 /* Main.storyboard */ = {
			isa = PBXVariantGroup;
			children = (
				879BBD511AAF6EFB00BA6B18 /* Base */,
			);
			name = Main.storyboard;
			sourceTree = "<group>";
		};
		879BBD551AAF6EFB00BA6B18 /* LaunchScreen.xib */ = {
			isa = PBXVariantGroup;
			children = (
				879BBD561AAF6EFB00BA6B18 /* Base */,
			);
			name = LaunchScreen.xib;
			sourceTree = "<group>";
		};
/* End PBXVariantGroup section */

/* Begin XCBuildConfiguration section */
		879BBD641AAF6EFB00BA6B18 /* Debug */ = {
			isa = XCBuildConfiguration;
			buildSettings = {
				ALWAYS_SEARCH_USER_PATHS = NO;
				CLANG_CXX_LANGUAGE_STANDARD = "gnu++0x";
				CLANG_CXX_LIBRARY = "libc++";
				CLANG_ENABLE_MODULES = YES;
				CLANG_ENABLE_OBJC_ARC = YES;
				CLANG_WARN_BOOL_CONVERSION = YES;
				CLANG_WARN_CONSTANT_CONVERSION = YES;
				CLANG_WARN_DIRECT_OBJC_ISA_USAGE = YES_ERROR;
				CLANG_WARN_EMPTY_BODY = YES;
				CLANG_WARN_ENUM_CONVERSION = YES;
				CLANG_WARN_INT_CONVERSION = YES;
				CLANG_WARN_OBJC_ROOT_CLASS = YES_ERROR;
				CLANG_WARN_UNREACHABLE_CODE = YES;
				CLANG_WARN__DUPLICATE_METHOD_MATCH = YES;
				"CODE_SIGN_IDENTITY[sdk=iphoneos*]" = "iPhone Developer";
				COPY_PHASE_STRIP = NO;
				ENABLE_STRICT_OBJC_MSGSEND = YES;
				GCC_C_LANGUAGE_STANDARD = gnu99;
				GCC_DYNAMIC_NO_PIC = NO;
				GCC_OPTIMIZATION_LEVEL = 0;
				GCC_PREPROCESSOR_DEFINITIONS = (
					"DEBUG=1",
					"$(inherited)",
				);
				GCC_SYMBOLS_PRIVATE_EXTERN = NO;
				GCC_WARN_64_TO_32_BIT_CONVERSION = YES;
				GCC_WARN_ABOUT_RETURN_TYPE = YES_ERROR;
				GCC_WARN_UNDECLARED_SELECTOR = YES;
				GCC_WARN_UNINITIALIZED_AUTOS = YES_AGGRESSIVE;
				GCC_WARN_UNUSED_FUNCTION = YES;
				GCC_WARN_UNUSED_VARIABLE = YES;
				IPHONEOS_DEPLOYMENT_TARGET = 8.1;
				MTL_ENABLE_DEBUG_INFO = YES;
				ONLY_ACTIVE_ARCH = YES;
				SDKROOT = iphoneos;
			};
			name = Debug;
		};
		879BBD651AAF6EFB00BA6B18 /* Release */ = {
			isa = XCBuildConfiguration;
			buildSettings = {
				ALWAYS_SEARCH_USER_PATHS = NO;
				CLANG_CXX_LANGUAGE_STANDARD = "gnu++0x";
				CLANG_CXX_LIBRARY = "libc++";
				CLANG_ENABLE_MODULES = YES;
				CLANG_ENABLE_OBJC_ARC = YES;
				CLANG_WARN_BOOL_CONVERSION = YES;
				CLANG_WARN_CONSTANT_CONVERSION = YES;
				CLANG_WARN_DIRECT_OBJC_ISA_USAGE = YES_ERROR;
				CLANG_WARN_EMPTY_BODY = YES;
				CLANG_WARN_ENUM_CONVERSION = YES;
				CLANG_WARN_INT_CONVERSION = YES;
				CLANG_WARN_OBJC_ROOT_CLASS = YES_ERROR;
				CLANG_WARN_UNREACHABLE_CODE = YES;
				CLANG_WARN__DUPLICATE_METHOD_MATCH = YES;
				"CODE_SIGN_IDENTITY[sdk=iphoneos*]" = "iPhone Developer";
				COPY_PHASE_STRIP = YES;
				ENABLE_NS_ASSERTIONS = NO;
				ENABLE_STRICT_OBJC_MSGSEND = YES;
				GCC_C_LANGUAGE_STANDARD = gnu99;
				GCC_WARN_64_TO_32_BIT_CONVERSION = YES;
				GCC_WARN_ABOUT_RETURN_TYPE = YES_ERROR;
				GCC_WARN_UNDECLARED_SELECTOR = YES;
				GCC_WARN_UNINITIALIZED_AUTOS = YES_AGGRESSIVE;
				GCC_WARN_UNUSED_FUNCTION = YES;
				GCC_WARN_UNUSED_VARIABLE = YES;
				IPHONEOS_DEPLOYMENT_TARGET = 8.1;
				MTL_ENABLE_DEBUG_INFO = NO;
				SDKROOT = iphoneos;
				VALIDATE_PRODUCT = YES;
			};
			name = Release;
		};
		879BBD671AAF6EFB00BA6B18 /* Debug */ = {
			isa = XCBuildConfiguration;
			buildSettings = {
				ASSETCATALOG_COMPILER_APPICON_NAME = AppIcon;
				INFOPLIST_FILE = Datasources/Info.plist;
				LD_RUNPATH_SEARCH_PATHS = "$(inherited) @executable_path/Frameworks";
				PRODUCT_NAME = "$(TARGET_NAME)";
			};
			name = Debug;
		};
		879BBD681AAF6EFB00BA6B18 /* Release */ = {
			isa = XCBuildConfiguration;
			buildSettings = {
				ASSETCATALOG_COMPILER_APPICON_NAME = AppIcon;
				INFOPLIST_FILE = Datasources/Info.plist;
				LD_RUNPATH_SEARCH_PATHS = "$(inherited) @executable_path/Frameworks";
				PRODUCT_NAME = "$(TARGET_NAME)";
			};
			name = Release;
		};
		879BBD6A1AAF6EFB00BA6B18 /* Debug */ = {
			isa = XCBuildConfiguration;
			buildSettings = {
				BUNDLE_LOADER = "$(TEST_HOST)";
				FRAMEWORK_SEARCH_PATHS = (
					"$(SDKROOT)/Developer/Library/Frameworks",
					"$(inherited)",
				);
				GCC_PREPROCESSOR_DEFINITIONS = (
					"DEBUG=1",
					"$(inherited)",
				);
				INFOPLIST_FILE = DatasourcesTests/Info.plist;
				LD_RUNPATH_SEARCH_PATHS = "$(inherited) @executable_path/Frameworks @loader_path/Frameworks";
				PRODUCT_NAME = "$(TARGET_NAME)";
				TEST_HOST = "$(BUILT_PRODUCTS_DIR)/Datasources.app/Datasources";
			};
			name = Debug;
		};
		879BBD6B1AAF6EFB00BA6B18 /* Release */ = {
			isa = XCBuildConfiguration;
			buildSettings = {
				BUNDLE_LOADER = "$(TEST_HOST)";
				FRAMEWORK_SEARCH_PATHS = (
					"$(SDKROOT)/Developer/Library/Frameworks",
					"$(inherited)",
				);
				INFOPLIST_FILE = DatasourcesTests/Info.plist;
				LD_RUNPATH_SEARCH_PATHS = "$(inherited) @executable_path/Frameworks @loader_path/Frameworks";
				PRODUCT_NAME = "$(TARGET_NAME)";
				TEST_HOST = "$(BUILT_PRODUCTS_DIR)/Datasources.app/Datasources";
			};
			name = Release;
		};
/* End XCBuildConfiguration section */

/* Begin XCConfigurationList section */
		879BBD3E1AAF6EFB00BA6B18 /* Build configuration list for PBXProject "Datasources" */ = {
			isa = XCConfigurationList;
			buildConfigurations = (
				879BBD641AAF6EFB00BA6B18 /* Debug */,
				879BBD651AAF6EFB00BA6B18 /* Release */,
			);
			defaultConfigurationIsVisible = 0;
			defaultConfigurationName = Release;
		};
		879BBD661AAF6EFB00BA6B18 /* Build configuration list for PBXNativeTarget "Datasources" */ = {
			isa = XCConfigurationList;
			buildConfigurations = (
				879BBD671AAF6EFB00BA6B18 /* Debug */,
				879BBD681AAF6EFB00BA6B18 /* Release */,
			);
			defaultConfigurationIsVisible = 0;
		};
		879BBD691AAF6EFB00BA6B18 /* Build configuration list for PBXNativeTarget "DatasourcesTests" */ = {
			isa = XCConfigurationList;
			buildConfigurations = (
				879BBD6A1AAF6EFB00BA6B18 /* Debug */,
				879BBD6B1AAF6EFB00BA6B18 /* Release */,
			);
			defaultConfigurationIsVisible = 0;
		};
/* End XCConfigurationList section */
	};
	rootObject = 879BBD3B1AAF6EFB00BA6B18 /* Project object */;
}
